// !$*UTF8*$!
{
	archiveVersion = 1;
	classes = {
	};
	objectVersion = 50;
	objects = {

/* Begin PBXBuildFile section */
		ACC3A08C2657772B00F6E6DB /* MoonShotApp.swift in Sources */ = {isa = PBXBuildFile; fileRef = ACC3A08B2657772B00F6E6DB /* MoonShotApp.swift */; };
		ACC3A08E2657772B00F6E6DB /* ContentView.swift in Sources */ = {isa = PBXBuildFile; fileRef = ACC3A08D2657772B00F6E6DB /* ContentView.swift */; };
		ACC3A0902657772C00F6E6DB /* Assets.xcassets in Resources */ = {isa = PBXBuildFile; fileRef = ACC3A08F2657772C00F6E6DB /* Assets.xcassets */; };
		ACC3A0932657772C00F6E6DB /* Preview Assets.xcassets in Resources */ = {isa = PBXBuildFile; fileRef = ACC3A0922657772C00F6E6DB /* Preview Assets.xcassets */; };
		ACE65DDD26577DFD000FCD83 /* astronauts.json in Resources */ = {isa = PBXBuildFile; fileRef = ACE65DDB26577DFD000FCD83 /* astronauts.json */; };
		ACE65DDE26577DFD000FCD83 /* missions.json in Resources */ = {isa = PBXBuildFile; fileRef = ACE65DDC26577DFD000FCD83 /* missions.json */; };
		ACE65DE026577E37000FCD83 /* Astronaut.swift in Sources */ = {isa = PBXBuildFile; fileRef = ACE65DDF26577E37000FCD83 /* Astronaut.swift */; };
		ACE65DE226577E3F000FCD83 /* Mission.swift in Sources */ = {isa = PBXBuildFile; fileRef = ACE65DE126577E3F000FCD83 /* Mission.swift */; };
		ACE65DE426577EEC000FCD83 /* Bundle-Decodable.swift in Sources */ = {isa = PBXBuildFile; fileRef = ACE65DE326577EEC000FCD83 /* Bundle-Decodable.swift */; };
		ACE65DE626578382000FCD83 /* MissionView.swift in Sources */ = {isa = PBXBuildFile; fileRef = ACE65DE526578382000FCD83 /* MissionView.swift */; };
		ACE65DE826578A12000FCD83 /* AstronautView.swift in Sources */ = {isa = PBXBuildFile; fileRef = ACE65DE726578A12000FCD83 /* AstronautView.swift */; };
/* End PBXBuildFile section */

/* Begin PBXFileReference section */
		ACC3A0882657772B00F6E6DB /* MoonShot.app */ = {isa = PBXFileReference; explicitFileType = wrapper.application; includeInIndex = 0; path = MoonShot.app; sourceTree = BUILT_PRODUCTS_DIR; };
		ACC3A08B2657772B00F6E6DB /* MoonShotApp.swift */ = {isa = PBXFileReference; lastKnownFileType = sourcecode.swift; path = MoonShotApp.swift; sourceTree = "<group>"; };
		ACC3A08D2657772B00F6E6DB /* ContentView.swift */ = {isa = PBXFileReference; lastKnownFileType = sourcecode.swift; path = ContentView.swift; sourceTree = "<group>"; };
		ACC3A08F2657772C00F6E6DB /* Assets.xcassets */ = {isa = PBXFileReference; lastKnownFileType = folder.assetcatalog; path = Assets.xcassets; sourceTree = "<group>"; };
		ACC3A0922657772C00F6E6DB /* Preview Assets.xcassets */ = {isa = PBXFileReference; lastKnownFileType = folder.assetcatalog; path = "Preview Assets.xcassets"; sourceTree = "<group>"; };
		ACC3A0942657772C00F6E6DB /* Info.plist */ = {isa = PBXFileReference; lastKnownFileType = text.plist.xml; path = Info.plist; sourceTree = "<group>"; };
		ACE65DDB26577DFD000FCD83 /* astronauts.json */ = {isa = PBXFileReference; fileEncoding = 4; lastKnownFileType = text.json; path = astronauts.json; sourceTree = "<group>"; };
		ACE65DDC26577DFD000FCD83 /* missions.json */ = {isa = PBXFileReference; fileEncoding = 4; lastKnownFileType = text.json; path = missions.json; sourceTree = "<group>"; };
		ACE65DDF26577E37000FCD83 /* Astronaut.swift */ = {isa = PBXFileReference; lastKnownFileType = sourcecode.swift; path = Astronaut.swift; sourceTree = "<group>"; };
		ACE65DE126577E3F000FCD83 /* Mission.swift */ = {isa = PBXFileReference; lastKnownFileType = sourcecode.swift; path = Mission.swift; sourceTree = "<group>"; };
		ACE65DE326577EEC000FCD83 /* Bundle-Decodable.swift */ = {isa = PBXFileReference; lastKnownFileType = sourcecode.swift; path = "Bundle-Decodable.swift"; sourceTree = "<group>"; };
		ACE65DE526578382000FCD83 /* MissionView.swift */ = {isa = PBXFileReference; lastKnownFileType = sourcecode.swift; path = MissionView.swift; sourceTree = "<group>"; };
		ACE65DE726578A12000FCD83 /* AstronautView.swift */ = {isa = PBXFileReference; lastKnownFileType = sourcecode.swift; path = AstronautView.swift; sourceTree = "<group>"; };
/* End PBXFileReference section */

/* Begin PBXFrameworksBuildPhase section */
		ACC3A0852657772B00F6E6DB /* Frameworks */ = {
			isa = PBXFrameworksBuildPhase;
			buildActionMask = 2147483647;
			files = (
			);
			runOnlyForDeploymentPostprocessing = 0;
		};
/* End PBXFrameworksBuildPhase section */

/* Begin PBXGroup section */
		ACC3A07F2657772B00F6E6DB = {
			isa = PBXGroup;
			children = (
				ACC3A08A2657772B00F6E6DB /* MoonShot */,
				ACC3A0892657772B00F6E6DB /* Products */,
			);
			sourceTree = "<group>";
		};
		ACC3A0892657772B00F6E6DB /* Products */ = {
			isa = PBXGroup;
			children = (
				ACC3A0882657772B00F6E6DB /* MoonShot.app */,
			);
			name = Products;
			sourceTree = "<group>";
		};
		ACC3A08A2657772B00F6E6DB /* MoonShot */ = {
			isa = PBXGroup;
			children = (
				ACE65DDB26577DFD000FCD83 /* astronauts.json */,
				ACE65DDC26577DFD000FCD83 /* missions.json */,
				ACC3A08B2657772B00F6E6DB /* MoonShotApp.swift */,
				ACC3A08D2657772B00F6E6DB /* ContentView.swift */,
				ACC3A08F2657772C00F6E6DB /* Assets.xcassets */,
				ACC3A0942657772C00F6E6DB /* Info.plist */,
				ACC3A0912657772C00F6E6DB /* Preview Content */,
				ACE65DDF26577E37000FCD83 /* Astronaut.swift */,
				ACE65DE126577E3F000FCD83 /* Mission.swift */,
				ACE65DE326577EEC000FCD83 /* Bundle-Decodable.swift */,
				ACE65DE526578382000FCD83 /* MissionView.swift */,
				ACE65DE726578A12000FCD83 /* AstronautView.swift */,
			);
			path = MoonShot;
			sourceTree = "<group>";
		};
		ACC3A0912657772C00F6E6DB /* Preview Content */ = {
			isa = PBXGroup;
			children = (
				ACC3A0922657772C00F6E6DB /* Preview Assets.xcassets */,
			);
			path = "Preview Content";
			sourceTree = "<group>";
		};
/* End PBXGroup section */

/* Begin PBXNativeTarget section */
		ACC3A0872657772B00F6E6DB /* MoonShot */ = {
			isa = PBXNativeTarget;
			buildConfigurationList = ACC3A0972657772C00F6E6DB /* Build configuration list for PBXNativeTarget "MoonShot" */;
			buildPhases = (
				ACC3A0842657772B00F6E6DB /* Sources */,
				ACC3A0852657772B00F6E6DB /* Frameworks */,
				ACC3A0862657772B00F6E6DB /* Resources */,
			);
			buildRules = (
			);
			dependencies = (
			);
			name = MoonShot;
			productName = MoonShot;
			productReference = ACC3A0882657772B00F6E6DB /* MoonShot.app */;
			productType = "com.apple.product-type.application";
		};
/* End PBXNativeTarget section */

/* Begin PBXProject section */
		ACC3A0802657772B00F6E6DB /* Project object */ = {
			isa = PBXProject;
			attributes = {
				LastSwiftUpdateCheck = 1250;
				LastUpgradeCheck = 1250;
				TargetAttributes = {
					ACC3A0872657772B00F6E6DB = {
						CreatedOnToolsVersion = 12.5;
					};
				};
			};
			buildConfigurationList = ACC3A0832657772B00F6E6DB /* Build configuration list for PBXProject "MoonShot" */;
			compatibilityVersion = "Xcode 9.3";
			developmentRegion = en;
			hasScannedForEncodings = 0;
			knownRegions = (
				en,
				Base,
			);
			mainGroup = ACC3A07F2657772B00F6E6DB;
			productRefGroup = ACC3A0892657772B00F6E6DB /* Products */;
			projectDirPath = "";
			projectRoot = "";
			targets = (
				ACC3A0872657772B00F6E6DB /* MoonShot */,
			);
		};
/* End PBXProject section */

/* Begin PBXResourcesBuildPhase section */
		ACC3A0862657772B00F6E6DB /* Resources */ = {
			isa = PBXResourcesBuildPhase;
			buildActionMask = 2147483647;
			files = (
				ACE65DDD26577DFD000FCD83 /* astronauts.json in Resources */,
				ACC3A0932657772C00F6E6DB /* Preview Assets.xcassets in Resources */,
				ACE65DDE26577DFD000FCD83 /* missions.json in Resources */,
				ACC3A0902657772C00F6E6DB /* Assets.xcassets in Resources */,
			);
			runOnlyForDeploymentPostprocessing = 0;
		};
/* End PBXResourcesBuildPhase section */

/* Begin PBXSourcesBuildPhase section */
		ACC3A0842657772B00F6E6DB /* Sources */ = {
			isa = PBXSourcesBuildPhase;
			buildActionMask = 2147483647;
			files = (
				ACE65DE826578A12000FCD83 /* AstronautView.swift in Sources */,
				ACE65DE026577E37000FCD83 /* Astronaut.swift in Sources */,
				ACC3A08E2657772B00F6E6DB /* ContentView.swift in Sources */,
				ACE65DE426577EEC000FCD83 /* Bundle-Decodable.swift in Sources */,
				ACE65DE226577E3F000FCD83 /* Mission.swift in Sources */,
				ACC3A08C2657772B00F6E6DB /* MoonShotApp.swift in Sources */,
				ACE65DE626578382000FCD83 /* MissionView.swift in Sources */,
			);
			runOnlyForDeploymentPostprocessing = 0;
		};
/* End PBXSourcesBuildPhase section */

/* Begin XCBuildConfiguration section */
		ACC3A0952657772C00F6E6DB /* Debug */ = {
			isa = XCBuildConfiguration;
			buildSettings = {
				ALWAYS_SEARCH_USER_PATHS = NO;
				CLANG_ANALYZER_NONNULL = YES;
				CLANG_ANALYZER_NUMBER_OBJECT_CONVERSION = YES_AGGRESSIVE;
				CLANG_CXX_LANGUAGE_STANDARD = "gnu++14";
				CLANG_CXX_LIBRARY = "libc++";
				CLANG_ENABLE_MODULES = YES;
				CLANG_ENABLE_OBJC_ARC = YES;
				CLANG_ENABLE_OBJC_WEAK = YES;
				CLANG_WARN_BLOCK_CAPTURE_AUTORELEASING = YES;
				CLANG_WARN_BOOL_CONVERSION = YES;
				CLANG_WARN_COMMA = YES;
				CLANG_WARN_CONSTANT_CONVERSION = YES;
				CLANG_WARN_DEPRECATED_OBJC_IMPLEMENTATIONS = YES;
				CLANG_WARN_DIRECT_OBJC_ISA_USAGE = YES_ERROR;
				CLANG_WARN_DOCUMENTATION_COMMENTS = YES;
				CLANG_WARN_EMPTY_BODY = YES;
				CLANG_WARN_ENUM_CONVERSION = YES;
				CLANG_WARN_INFINITE_RECURSION = YES;
				CLANG_WARN_INT_CONVERSION = YES;
				CLANG_WARN_NON_LITERAL_NULL_CONVERSION = YES;
				CLANG_WARN_OBJC_IMPLICIT_RETAIN_SELF = YES;
				CLANG_WARN_OBJC_LITERAL_CONVERSION = YES;
				CLANG_WARN_OBJC_ROOT_CLASS = YES_ERROR;
				CLANG_WARN_QUOTED_INCLUDE_IN_FRAMEWORK_HEADER = YES;
				CLANG_WARN_RANGE_LOOP_ANALYSIS = YES;
				CLANG_WARN_STRICT_PROTOTYPES = YES;
				CLANG_WARN_SUSPICIOUS_MOVE = YES;
				CLANG_WARN_UNGUARDED_AVAILABILITY = YES_AGGRESSIVE;
				CLANG_WARN_UNREACHABLE_CODE = YES;
				CLANG_WARN__DUPLICATE_METHOD_MATCH = YES;
				COPY_PHASE_STRIP = NO;
				DEBUG_INFORMATION_FORMAT = dwarf;
				ENABLE_STRICT_OBJC_MSGSEND = YES;
				ENABLE_TESTABILITY = YES;
				GCC_C_LANGUAGE_STANDARD = gnu11;
				GCC_DYNAMIC_NO_PIC = NO;
				GCC_NO_COMMON_BLOCKS = YES;
				GCC_OPTIMIZATION_LEVEL = 0;
				GCC_PREPROCESSOR_DEFINITIONS = (
					"DEBUG=1",
					"$(inherited)",
				);
				GCC_WARN_64_TO_32_BIT_CONVERSION = YES;
				GCC_WARN_ABOUT_RETURN_TYPE = YES_ERROR;
				GCC_WARN_UNDECLARED_SELECTOR = YES;
				GCC_WARN_UNINITIALIZED_AUTOS = YES_AGGRESSIVE;
				GCC_WARN_UNUSED_FUNCTION = YES;
				GCC_WARN_UNUSED_VARIABLE = YES;
				IPHONEOS_DEPLOYMENT_TARGET = 14.5;
				MTL_ENABLE_DEBUG_INFO = INCLUDE_SOURCE;
				MTL_FAST_MATH = YES;
				ONLY_ACTIVE_ARCH = YES;
				SDKROOT = iphoneos;
				SWIFT_ACTIVE_COMPILATION_CONDITIONS = DEBUG;
				SWIFT_OPTIMIZATION_LEVEL = "-Onone";
			};
			name = Debug;
		};
		ACC3A0962657772C00F6E6DB /* Release */ = {
			isa = XCBuildConfiguration;
			buildSettings = {
				ALWAYS_SEARCH_USER_PATHS = NO;
				CLANG_ANALYZER_NONNULL = YES;
				CLANG_ANALYZER_NUMBER_OBJECT_CONVERSION = YES_AGGRESSIVE;
				CLANG_CXX_LANGUAGE_STANDARD = "gnu++14";
				CLANG_CXX_LIBRARY = "libc++";
				CLANG_ENABLE_MODULES = YES;
				CLANG_ENABLE_OBJC_ARC = YES;
				CLANG_ENABLE_OBJC_WEAK = YES;
				CLANG_WARN_BLOCK_CAPTURE_AUTORELEASING = YES;
				CLANG_WARN_BOOL_CONVERSION = YES;
				CLANG_WARN_COMMA = YES;
				CLANG_WARN_CONSTANT_CONVERSION = YES;
				CLANG_WARN_DEPRECATED_OBJC_IMPLEMENTATIONS = YES;
				CLANG_WARN_DIRECT_OBJC_ISA_USAGE = YES_ERROR;
				CLANG_WARN_DOCUMENTATION_COMMENTS = YES;
				CLANG_WARN_EMPTY_BODY = YES;
				CLANG_WARN_ENUM_CONVERSION = YES;
				CLANG_WARN_INFINITE_RECURSION = YES;
				CLANG_WARN_INT_CONVERSION = YES;
				CLANG_WARN_NON_LITERAL_NULL_CONVERSION = YES;
				CLANG_WARN_OBJC_IMPLICIT_RETAIN_SELF = YES;
				CLANG_WARN_OBJC_LITERAL_CONVERSION = YES;
				CLANG_WARN_OBJC_ROOT_CLASS = YES_ERROR;
				CLANG_WARN_QUOTED_INCLUDE_IN_FRAMEWORK_HEADER = YES;
				CLANG_WARN_RANGE_LOOP_ANALYSIS = YES;
				CLANG_WARN_STRICT_PROTOTYPES = YES;
				CLANG_WARN_SUSPICIOUS_MOVE = YES;
				CLANG_WARN_UNGUARDED_AVAILABILITY = YES_AGGRESSIVE;
				CLANG_WARN_UNREACHABLE_CODE = YES;
				CLANG_WARN__DUPLICATE_METHOD_MATCH = YES;
				COPY_PHASE_STRIP = NO;
				DEBUG_INFORMATION_FORMAT = "dwarf-with-dsym";
				ENABLE_NS_ASSERTIONS = NO;
				ENABLE_STRICT_OBJC_MSGSEND = YES;
				GCC_C_LANGUAGE_STANDARD = gnu11;
				GCC_NO_COMMON_BLOCKS = YES;
				GCC_WARN_64_TO_32_BIT_CONVERSION = YES;
				GCC_WARN_ABOUT_RETURN_TYPE = YES_ERROR;
				GCC_WARN_UNDECLARED_SELECTOR = YES;
				GCC_WARN_UNINITIALIZED_AUTOS = YES_AGGRESSIVE;
				GCC_WARN_UNUSED_FUNCTION = YES;
				GCC_WARN_UNUSED_VARIABLE = YES;
				IPHONEOS_DEPLOYMENT_TARGET = 14.5;
				MTL_ENABLE_DEBUG_INFO = NO;
				MTL_FAST_MATH = YES;
				SDKROOT = iphoneos;
				SWIFT_COMPILATION_MODE = wholemodule;
				SWIFT_OPTIMIZATION_LEVEL = "-O";
				VALIDATE_PRODUCT = YES;
			};
			name = Release;
		};
		ACC3A0982657772C00F6E6DB /* Debug */ = {
			isa = XCBuildConfiguration;
			buildSettings = {
				ASSETCATALOG_COMPILER_APPICON_NAME = AppIcon;
				ASSETCATALOG_COMPILER_GLOBAL_ACCENT_COLOR_NAME = AccentColor;
				CODE_SIGN_STYLE = Automatic;
				DEVELOPMENT_ASSET_PATHS = "\"MoonShot/Preview Content\"";
				ENABLE_PREVIEWS = YES;
				INFOPLIST_FILE = MoonShot/Info.plist;
				IPHONEOS_DEPLOYMENT_TARGET = 14.0;
				LD_RUNPATH_SEARCH_PATHS = (
					"$(inherited)",
					"@executable_path/Frameworks",
				);
				PRODUCT_BUNDLE_IDENTIFIER = dev.thaoth.MoonShot;
				PRODUCT_NAME = "$(TARGET_NAME)";
				SWIFT_VERSION = 5.0;
				TARGETED_DEVICE_FAMILY = "1,2";
			};
			name = Debug;
		};
		ACC3A0992657772C00F6E6DB /* Release */ = {
			isa = XCBuildConfiguration;
			buildSettings = {
				ASSETCATALOG_COMPILER_APPICON_NAME = AppIcon;
				ASSETCATALOG_COMPILER_GLOBAL_ACCENT_COLOR_NAME = AccentColor;
				CODE_SIGN_STYLE = Automatic;
				DEVELOPMENT_ASSET_PATHS = "\"MoonShot/Preview Content\"";
				ENABLE_PREVIEWS = YES;
				INFOPLIST_FILE = MoonShot/Info.plist;
				IPHONEOS_DEPLOYMENT_TARGET = 14.0;
				LD_RUNPATH_SEARCH_PATHS = (
					"$(inherited)",
					"@executable_path/Frameworks",
				);
				PRODUCT_BUNDLE_IDENTIFIER = dev.thaoth.MoonShot;
				PRODUCT_NAME = "$(TARGET_NAME)";
				SWIFT_VERSION = 5.0;
				TARGETED_DEVICE_FAMILY = "1,2";
			};
			name = Release;
		};
/* End XCBuildConfiguration section */

/* Begin XCConfigurationList section */
		ACC3A0832657772B00F6E6DB /* Build configuration list for PBXProject "MoonShot" */ = {
			isa = XCConfigurationList;
			buildConfigurations = (
				ACC3A0952657772C00F6E6DB /* Debug */,
				ACC3A0962657772C00F6E6DB /* Release */,
			);
			defaultConfigurationIsVisible = 0;
			defaultConfigurationName = Release;
		};
		ACC3A0972657772C00F6E6DB /* Build configuration list for PBXNativeTarget "MoonShot" */ = {
			isa = XCConfigurationList;
			buildConfigurations = (
				ACC3A0982657772C00F6E6DB /* Debug */,
				ACC3A0992657772C00F6E6DB /* Release */,
			);
			defaultConfigurationIsVisible = 0;
			defaultConfigurationName = Release;
		};
/* End XCConfigurationList section */
	};
	rootObject = ACC3A0802657772B00F6E6DB /* Project object */;
}
